
Microsoft Visual Studio Solution File, Format Version 12.00
# Visual Studio 15
VisualStudioVersion = 15.0.28307.1209
MinimumVisualStudioVersion = 10.0.40219.1
Project("{FAE04EC0-301F-11D3-BF4B-00C04F79EFBC}") = "ITMOLab1Ex5", "ITMOLab1Ex5\ITMOLab1Ex5.csproj", "{74C8B174-5F78-435F-ABA0-28DD6B116442}"
EndProject
Global
	GlobalSection(SolutionConfigurationPlatforms) = preSolution
		Debug|Any CPU = Debug|Any CPU
		Release|Any CPU = Release|Any CPU
	EndGlobalSection
	GlobalSection(ProjectConfigurationPlatforms) = postSolution
		{74C8B174-5F78-435F-ABA0-28DD6B116442}.Debug|Any CPU.ActiveCfg = Debug|Any CPU
		{74C8B174-5F78-435F-ABA0-28DD6B116442}.Debug|Any CPU.Build.0 = Debug|Any CPU
		{74C8B174-5F78-435F-ABA0-28DD6B116442}.Release|Any CPU.ActiveCfg = Release|Any CPU
		{74C8B174-5F78-435F-ABA0-28DD6B116442}.Release|Any CPU.Build.0 = Release|Any CPU
	EndGlobalSection
	GlobalSection(SolutionProperties) = preSolution
		HideSolutionNode = FALSE
	EndGlobalSection
	GlobalSection(ExtensibilityGlobals) = postSolution
		SolutionGuid = {7FD3ABF1-2C78-42D3-9D09-24D0D0879618}
	EndGlobalSection
EndGlobal
