
Microsoft Visual Studio Solution File, Format Version 12.00
# Visual Studio 15
VisualStudioVersion = 15.0.28307.1209
MinimumVisualStudioVersion = 10.0.40219.1
Project("{FAE04EC0-301F-11D3-BF4B-00C04F79EFBC}") = "Zachet_4", "Zachet_4\Zachet_4.csproj", "{246A76AB-871A-4819-97EA-CD9729F644EF}"
EndProject
Project("{FAE04EC0-301F-11D3-BF4B-00C04F79EFBC}") = "CodeFirst", "CodeFirst\CodeFirst.csproj", "{C6BEDD83-A85A-4485-8538-1F93DD6EBED4}"
EndProject
Global
	GlobalSection(SolutionConfigurationPlatforms) = preSolution
		Debug|Any CPU = Debug|Any CPU
		Release|Any CPU = Release|Any CPU
	EndGlobalSection
	GlobalSection(ProjectConfigurationPlatforms) = postSolution
		{246A76AB-871A-4819-97EA-CD9729F644EF}.Debug|Any CPU.ActiveCfg = Debug|Any CPU
		{246A76AB-871A-4819-97EA-CD9729F644EF}.Debug|Any CPU.Build.0 = Debug|Any CPU
		{246A76AB-871A-4819-97EA-CD9729F644EF}.Release|Any CPU.ActiveCfg = Release|Any CPU
		{246A76AB-871A-4819-97EA-CD9729F644EF}.Release|Any CPU.Build.0 = Release|Any CPU
		{C6BEDD83-A85A-4485-8538-1F93DD6EBED4}.Debug|Any CPU.ActiveCfg = Debug|Any CPU
		{C6BEDD83-A85A-4485-8538-1F93DD6EBED4}.Debug|Any CPU.Build.0 = Debug|Any CPU
		{C6BEDD83-A85A-4485-8538-1F93DD6EBED4}.Release|Any CPU.ActiveCfg = Release|Any CPU
		{C6BEDD83-A85A-4485-8538-1F93DD6EBED4}.Release|Any CPU.Build.0 = Release|Any CPU
	EndGlobalSection
	GlobalSection(SolutionProperties) = preSolution
		HideSolutionNode = FALSE
	EndGlobalSection
	GlobalSection(ExtensibilityGlobals) = postSolution
		SolutionGuid = {D0389D0C-EAD2-46AD-8F7F-2CA56CAC0C0A}
	EndGlobalSection
EndGlobal
