
Microsoft Visual Studio Solution File, Format Version 12.00
# Visual Studio 15
VisualStudioVersion = 15.0.28307.1209
MinimumVisualStudioVersion = 10.0.40219.1
Project("{FAE04EC0-301F-11D3-BF4B-00C04F79EFBC}") = "BiblWorm", "BiblWorm\BiblWorm.csproj", "{D5D41ED8-668F-4CA0-AB03-E22EFF73F61E}"
EndProject
Global
	GlobalSection(SolutionConfigurationPlatforms) = preSolution
		Debug|Any CPU = Debug|Any CPU
		Release|Any CPU = Release|Any CPU
	EndGlobalSection
	GlobalSection(ProjectConfigurationPlatforms) = postSolution
		{D5D41ED8-668F-4CA0-AB03-E22EFF73F61E}.Debug|Any CPU.ActiveCfg = Debug|Any CPU
		{D5D41ED8-668F-4CA0-AB03-E22EFF73F61E}.Debug|Any CPU.Build.0 = Debug|Any CPU
		{D5D41ED8-668F-4CA0-AB03-E22EFF73F61E}.Release|Any CPU.ActiveCfg = Release|Any CPU
		{D5D41ED8-668F-4CA0-AB03-E22EFF73F61E}.Release|Any CPU.Build.0 = Release|Any CPU
	EndGlobalSection
	GlobalSection(SolutionProperties) = preSolution
		HideSolutionNode = FALSE
	EndGlobalSection
	GlobalSection(ExtensibilityGlobals) = postSolution
		SolutionGuid = {D6970278-0CD3-453D-83CC-80A37FDCFCC9}
	EndGlobalSection
EndGlobal
