
Microsoft Visual Studio Solution File, Format Version 12.00
# Visual Studio 15
VisualStudioVersion = 15.0.28307.1209
MinimumVisualStudioVersion = 10.0.40219.1
Project("{FAE04EC0-301F-11D3-BF4B-00C04F79EFBC}") = "ITMOLab7Ex3", "ITMOLab7Ex3.csproj", "{B35F4365-C2DF-42E3-AE50-CA71ACC76815}"
EndProject
Global
	GlobalSection(SolutionConfigurationPlatforms) = preSolution
		Debug|Any CPU = Debug|Any CPU
		Release|Any CPU = Release|Any CPU
	EndGlobalSection
	GlobalSection(ProjectConfigurationPlatforms) = postSolution
		{B35F4365-C2DF-42E3-AE50-CA71ACC76815}.Debug|Any CPU.ActiveCfg = Debug|Any CPU
		{B35F4365-C2DF-42E3-AE50-CA71ACC76815}.Debug|Any CPU.Build.0 = Debug|Any CPU
		{B35F4365-C2DF-42E3-AE50-CA71ACC76815}.Release|Any CPU.ActiveCfg = Release|Any CPU
		{B35F4365-C2DF-42E3-AE50-CA71ACC76815}.Release|Any CPU.Build.0 = Release|Any CPU
	EndGlobalSection
	GlobalSection(SolutionProperties) = preSolution
		HideSolutionNode = FALSE
	EndGlobalSection
	GlobalSection(ExtensibilityGlobals) = postSolution
		SolutionGuid = {997B6EA0-6F7F-45DE-A3B1-2ED2274F3678}
	EndGlobalSection
EndGlobal
