
Microsoft Visual Studio Solution File, Format Version 12.00
# Visual Studio 15
VisualStudioVersion = 15.0.28307.1209
MinimumVisualStudioVersion = 10.0.40219.1
Project("{FAE04EC0-301F-11D3-BF4B-00C04F79EFBC}") = "ITMOLab1Ex5_2", "ITMOLab1Ex5_2\ITMOLab1Ex5_2.csproj", "{75C1AAB0-8641-4B32-B05F-DBD4439AC511}"
EndProject
Global
	GlobalSection(SolutionConfigurationPlatforms) = preSolution
		Debug|Any CPU = Debug|Any CPU
		Release|Any CPU = Release|Any CPU
	EndGlobalSection
	GlobalSection(ProjectConfigurationPlatforms) = postSolution
		{75C1AAB0-8641-4B32-B05F-DBD4439AC511}.Debug|Any CPU.ActiveCfg = Debug|Any CPU
		{75C1AAB0-8641-4B32-B05F-DBD4439AC511}.Debug|Any CPU.Build.0 = Debug|Any CPU
		{75C1AAB0-8641-4B32-B05F-DBD4439AC511}.Release|Any CPU.ActiveCfg = Release|Any CPU
		{75C1AAB0-8641-4B32-B05F-DBD4439AC511}.Release|Any CPU.Build.0 = Release|Any CPU
	EndGlobalSection
	GlobalSection(SolutionProperties) = preSolution
		HideSolutionNode = FALSE
	EndGlobalSection
	GlobalSection(ExtensibilityGlobals) = postSolution
		SolutionGuid = {0781CCA9-0EAA-4B3A-A2B6-02A5B8182906}
	EndGlobalSection
EndGlobal
